{
  "object": {
    "pins": [
      {
        "package": "IDScanCore",
        "repositoryURL": "https://github.com/IDScanNet/IDScanCoreIOS.git",
        "state": {
          "branch": null,
          "revision": "4a205c9922614c449e4484fd962d0a68093d2103",
          "version": "2.220113.1"
        }
      }
    ]
  },
  "version": 1
}
